
Microsoft Visual Studio Solution File, Format Version 12.00
# Visual Studio Version 17
VisualStudioVersion = 17.5.002.0
MinimumVisualStudioVersion = 10.0.40219.1
Project("{9A19103F-16F7-4668-BE54-9A1E7A4F7556}") = "Employee.Business", "Employee.Business\Employee.Business.csproj", "{94352279-EF3D-4F5A-930F-99ED0E6A3EF3}"
EndProject
Project("{9A19103F-16F7-4668-BE54-9A1E7A4F7556}") = "EmployeeApi", "EmployeeApi\EmployeeApi.csproj", "{A6638E7D-82AE-48B5-8A9C-5A6AF8670972}"
EndProject
Global
	GlobalSection(SolutionConfigurationPlatforms) = preSolution
		Debug|Any CPU = Debug|Any CPU
		Release|Any CPU = Release|Any CPU
	EndGlobalSection
	GlobalSection(ProjectConfigurationPlatforms) = postSolution
		{94352279-EF3D-4F5A-930F-99ED0E6A3EF3}.Debug|Any CPU.ActiveCfg = Debug|Any CPU
		{94352279-EF3D-4F5A-930F-99ED0E6A3EF3}.Debug|Any CPU.Build.0 = Debug|Any CPU
		{94352279-EF3D-4F5A-930F-99ED0E6A3EF3}.Release|Any CPU.ActiveCfg = Release|Any CPU
		{94352279-EF3D-4F5A-930F-99ED0E6A3EF3}.Release|Any CPU.Build.0 = Release|Any CPU
		{A6638E7D-82AE-48B5-8A9C-5A6AF8670972}.Debug|Any CPU.ActiveCfg = Debug|Any CPU
		{A6638E7D-82AE-48B5-8A9C-5A6AF8670972}.Debug|Any CPU.Build.0 = Debug|Any CPU
		{A6638E7D-82AE-48B5-8A9C-5A6AF8670972}.Release|Any CPU.ActiveCfg = Release|Any CPU
		{A6638E7D-82AE-48B5-8A9C-5A6AF8670972}.Release|Any CPU.Build.0 = Release|Any CPU
	EndGlobalSection
	GlobalSection(SolutionProperties) = preSolution
		HideSolutionNode = FALSE
	EndGlobalSection
	GlobalSection(ExtensibilityGlobals) = postSolution
		SolutionGuid = {B598E2B7-81D3-426D-B4AC-D36245D583E6}
	EndGlobalSection
EndGlobal
